
Microsoft Visual Studio Solution File, Format Version 12.00
# Visual Studio Version 17
VisualStudioVersion = 17.0.31903.59
MinimumVisualStudioVersion = 10.0.40219.1
Project("{FAE04EC0-301F-11D3-BF4B-00C04F79EFBC}") = "ClickOnceCommandLineTestApp", "ClickOnceCommandLineTestApp.csproj", "{271535B1-99CE-48AB-A47A-00B04A3F574F}"
EndProject
Global
	GlobalSection(SolutionConfigurationPlatforms) = preSolution
		Debug|Any CPU = Debug|Any CPU
		Release|Any CPU = Release|Any CPU
	EndGlobalSection
	GlobalSection(ProjectConfigurationPlatforms) = postSolution
		{271535B1-99CE-48AB-A47A-00B04A3F574F}.Debug|Any CPU.ActiveCfg = Debug|Any CPU
		{271535B1-99CE-48AB-A47A-00B04A3F574F}.Debug|Any CPU.Build.0 = Debug|Any CPU
		{271535B1-99CE-48AB-A47A-00B04A3F574F}.Release|Any CPU.ActiveCfg = Release|Any CPU
		{271535B1-99CE-48AB-A47A-00B04A3F574F}.Release|Any CPU.Build.0 = Release|Any CPU
	EndGlobalSection
	GlobalSection(SolutionProperties) = preSolution
		HideSolutionNode = FALSE
	EndGlobalSection
	GlobalSection(ExtensibilityGlobals) = postSolution
		SolutionGuid = {2A9909C6-34A8-44BB-B529-B64DDA683A0C}
	EndGlobalSection
EndGlobal
