
Microsoft Visual Studio Solution File, Format Version 12.00
# Visual Studio Version 17
VisualStudioVersion = 17.0.31903.59
MinimumVisualStudioVersion = 10.0.40219.1
Project("{9A19103F-16F7-4668-BE54-9A1E7A4F7556}") = "Launcher", "Launcher.csproj", "{15502BE1-3BB1-420A-9DAA-1F2AED2D333E}"
EndProject
Global
	GlobalSection(SolutionConfigurationPlatforms) = preSolution
		Debug|Any CPU = Debug|Any CPU
		Release|Any CPU = Release|Any CPU
	EndGlobalSection
	GlobalSection(ProjectConfigurationPlatforms) = postSolution
		{15502BE1-3BB1-420A-9DAA-1F2AED2D333E}.Debug|Any CPU.ActiveCfg = Debug|Any CPU
		{15502BE1-3BB1-420A-9DAA-1F2AED2D333E}.Debug|Any CPU.Build.0 = Debug|Any CPU
		{15502BE1-3BB1-420A-9DAA-1F2AED2D333E}.Release|Any CPU.ActiveCfg = Release|Any CPU
		{15502BE1-3BB1-420A-9DAA-1F2AED2D333E}.Release|Any CPU.Build.0 = Release|Any CPU
	EndGlobalSection
	GlobalSection(SolutionProperties) = preSolution
		HideSolutionNode = FALSE
	EndGlobalSection
	GlobalSection(ExtensibilityGlobals) = postSolution
		SolutionGuid = {D35FCA7F-1676-4AF6-B440-C17755EF3CF5}
	EndGlobalSection
EndGlobal
